
Microsoft Visual Studio Solution File, Format Version 12.00
# Visual Studio 2012
Project("{FAE04EC0-301F-11D3-BF4B-00C04F79EFBC}") = "Uncas.SvnTools.ExportChanges", "src\Uncas.SvnTools.ExportChanges\Uncas.SvnTools.ExportChanges.csproj", "{B84EBE0D-C4B9-493C-B383-F5B1E4007E92}"
EndProject
Project("{FAE04EC0-301F-11D3-BF4B-00C04F79EFBC}") = "Uncas.SvnTools.Core", "src\Uncas.SvnTools.Core\Uncas.SvnTools.Core.csproj", "{33036EAA-1056-402F-AA61-D5DDA3EA18BB}"
EndProject
Project("{2150E333-8FDC-42A3-9474-1A3956D46DE8}") = ".nuget", ".nuget", "{8D04F25A-E520-43AE-A066-1733DBBFCB15}"
	ProjectSection(SolutionItems) = preProject
		.nuget\NuGet.Config = .nuget\NuGet.Config
		.nuget\NuGet.exe = .nuget\NuGet.exe
		.nuget\NuGet.targets = .nuget\NuGet.targets
	EndProjectSection
EndProject
Global
	GlobalSection(SolutionConfigurationPlatforms) = preSolution
		Debug|Any CPU = Debug|Any CPU
		Release|Any CPU = Release|Any CPU
	EndGlobalSection
	GlobalSection(ProjectConfigurationPlatforms) = postSolution
		{B84EBE0D-C4B9-493C-B383-F5B1E4007E92}.Debug|Any CPU.ActiveCfg = Debug|Any CPU
		{B84EBE0D-C4B9-493C-B383-F5B1E4007E92}.Debug|Any CPU.Build.0 = Debug|Any CPU
		{B84EBE0D-C4B9-493C-B383-F5B1E4007E92}.Release|Any CPU.ActiveCfg = Release|Any CPU
		{B84EBE0D-C4B9-493C-B383-F5B1E4007E92}.Release|Any CPU.Build.0 = Release|Any CPU
		{33036EAA-1056-402F-AA61-D5DDA3EA18BB}.Debug|Any CPU.ActiveCfg = Debug|Any CPU
		{33036EAA-1056-402F-AA61-D5DDA3EA18BB}.Debug|Any CPU.Build.0 = Debug|Any CPU
		{33036EAA-1056-402F-AA61-D5DDA3EA18BB}.Release|Any CPU.ActiveCfg = Release|Any CPU
		{33036EAA-1056-402F-AA61-D5DDA3EA18BB}.Release|Any CPU.Build.0 = Release|Any CPU
	EndGlobalSection
	GlobalSection(SolutionProperties) = preSolution
		HideSolutionNode = FALSE
	EndGlobalSection
EndGlobal
